// !$*UTF8*$!
{
	archiveVersion = 1;
	classes = {
	};
	objectVersion = 48;
	objects = {

/* Begin PBXBuildFile section */
		3FEAF46B2011EAAF00EBF65E /* AppDelegate.swift in Sources */ = {isa = PBXBuildFile; fileRef = 3FEAF46A2011EAAF00EBF65E /* AppDelegate.swift */; };
		3FEAF46D2011EAAF00EBF65E /* ViewController.swift in Sources */ = {isa = PBXBuildFile; fileRef = 3FEAF46C2011EAAF00EBF65E /* ViewController.swift */; };
		3FEAF4702011EAAF00EBF65E /* Main.storyboard in Resources */ = {isa = PBXBuildFile; fileRef = 3FEAF46E2011EAAF00EBF65E /* Main.storyboard */; };
		3FEAF4722011EAAF00EBF65E /* Assets.xcassets in Resources */ = {isa = PBXBuildFile; fileRef = 3FEAF4712011EAAF00EBF65E /* Assets.xcassets */; };
		3FEAF4752011EAAF00EBF65E /* LaunchScreen.storyboard in Resources */ = {isa = PBXBuildFile; fileRef = 3FEAF4732011EAAF00EBF65E /* LaunchScreen.storyboard */; };
		3FEAF47E2011EAFC00EBF65E /* JsonConstants.swift in Sources */ = {isa = PBXBuildFile; fileRef = 3FEAF47D2011EAFC00EBF65E /* JsonConstants.swift */; };
		3FEAF4822011EC8A00EBF65E /* ItemDataManager.swift in Sources */ = {isa = PBXBuildFile; fileRef = 3FEAF4812011EC8A00EBF65E /* ItemDataManager.swift */; };
		3FEAF4842011FAF300EBF65E /* ImageTableController.swift in Sources */ = {isa = PBXBuildFile; fileRef = 3FEAF4832011FAF300EBF65E /* ImageTableController.swift */; };
		3FEAF4882012024900EBF65E /* ImageTableViewCell.swift in Sources */ = {isa = PBXBuildFile; fileRef = 3FEAF4872012024900EBF65E /* ImageTableViewCell.swift */; };
/* End PBXBuildFile section */

/* Begin PBXFileReference section */
		3FEAF4672011EAAF00EBF65E /* ECommerce_Brel.app */ = {isa = PBXFileReference; explicitFileType = wrapper.application; includeInIndex = 0; path = ECommerce_Brel.app; sourceTree = BUILT_PRODUCTS_DIR; };
		3FEAF46A2011EAAF00EBF65E /* AppDelegate.swift */ = {isa = PBXFileReference; lastKnownFileType = sourcecode.swift; path = AppDelegate.swift; sourceTree = "<group>"; };
		3FEAF46C2011EAAF00EBF65E /* ViewController.swift */ = {isa = PBXFileReference; lastKnownFileType = sourcecode.swift; path = ViewController.swift; sourceTree = "<group>"; };
		3FEAF46F2011EAAF00EBF65E /* Base */ = {isa = PBXFileReference; lastKnownFileType = file.storyboard; name = Base; path = Base.lproj/Main.storyboard; sourceTree = "<group>"; };
		3FEAF4712011EAAF00EBF65E /* Assets.xcassets */ = {isa = PBXFileReference; lastKnownFileType = folder.assetcatalog; path = Assets.xcassets; sourceTree = "<group>"; };
		3FEAF4742011EAAF00EBF65E /* Base */ = {isa = PBXFileReference; lastKnownFileType = file.storyboard; name = Base; path = Base.lproj/LaunchScreen.storyboard; sourceTree = "<group>"; };
		3FEAF4762011EAAF00EBF65E /* Info.plist */ = {isa = PBXFileReference; lastKnownFileType = text.plist.xml; path = Info.plist; sourceTree = "<group>"; };
		3FEAF47D2011EAFC00EBF65E /* JsonConstants.swift */ = {isa = PBXFileReference; lastKnownFileType = sourcecode.swift; path = JsonConstants.swift; sourceTree = "<group>"; };
		3FEAF4812011EC8A00EBF65E /* ItemDataManager.swift */ = {isa = PBXFileReference; lastKnownFileType = sourcecode.swift; path = ItemDataManager.swift; sourceTree = "<group>"; };
		3FEAF4832011FAF300EBF65E /* ImageTableController.swift */ = {isa = PBXFileReference; lastKnownFileType = sourcecode.swift; path = ImageTableController.swift; sourceTree = "<group>"; };
		3FEAF4872012024900EBF65E /* ImageTableViewCell.swift */ = {isa = PBXFileReference; lastKnownFileType = sourcecode.swift; path = ImageTableViewCell.swift; sourceTree = "<group>"; };
/* End PBXFileReference section */

/* Begin PBXFrameworksBuildPhase section */
		3FEAF4642011EAAF00EBF65E /* Frameworks */ = {
			isa = PBXFrameworksBuildPhase;
			buildActionMask = 2147483647;
			files = (
			);
			runOnlyForDeploymentPostprocessing = 0;
		};
/* End PBXFrameworksBuildPhase section */

/* Begin PBXGroup section */
		3FEAF45E2011EAAF00EBF65E = {
			isa = PBXGroup;
			children = (
				3FEAF4692011EAAF00EBF65E /* ECommerce_Brel */,
				3FEAF4682011EAAF00EBF65E /* Products */,
			);
			sourceTree = "<group>";
		};
		3FEAF4682011EAAF00EBF65E /* Products */ = {
			isa = PBXGroup;
			children = (
				3FEAF4672011EAAF00EBF65E /* ECommerce_Brel.app */,
			);
			name = Products;
			sourceTree = "<group>";
		};
		3FEAF4692011EAAF00EBF65E /* ECommerce_Brel */ = {
			isa = PBXGroup;
			children = (
				3FEAF4802011EC2800EBF65E /* View */,
				3FEAF47F2011EC1400EBF65E /* Controller */,
				3FEAF47C2011EADC00EBF65E /* Model */,
				3FEAF46A2011EAAF00EBF65E /* AppDelegate.swift */,
				3FEAF46C2011EAAF00EBF65E /* ViewController.swift */,
				3FEAF46E2011EAAF00EBF65E /* Main.storyboard */,
				3FEAF4712011EAAF00EBF65E /* Assets.xcassets */,
				3FEAF4732011EAAF00EBF65E /* LaunchScreen.storyboard */,
				3FEAF4762011EAAF00EBF65E /* Info.plist */,
			);
			path = ECommerce_Brel;
			sourceTree = "<group>";
		};
		3FEAF47C2011EADC00EBF65E /* Model */ = {
			isa = PBXGroup;
			children = (
				3FEAF47D2011EAFC00EBF65E /* JsonConstants.swift */,
				3FEAF4812011EC8A00EBF65E /* ItemDataManager.swift */,
			);
			path = Model;
			sourceTree = "<group>";
		};
		3FEAF47F2011EC1400EBF65E /* Controller */ = {
			isa = PBXGroup;
			children = (
				3FEAF4832011FAF300EBF65E /* ImageTableController.swift */,
			);
			path = Controller;
			sourceTree = "<group>";
		};
		3FEAF4802011EC2800EBF65E /* View */ = {
			isa = PBXGroup;
			children = (
				3FEAF4872012024900EBF65E /* ImageTableViewCell.swift */,
			);
			path = View;
			sourceTree = "<group>";
		};
/* End PBXGroup section */

/* Begin PBXNativeTarget section */
		3FEAF4662011EAAF00EBF65E /* ECommerce_Brel */ = {
			isa = PBXNativeTarget;
			buildConfigurationList = 3FEAF4792011EAAF00EBF65E /* Build configuration list for PBXNativeTarget "ECommerce_Brel" */;
			buildPhases = (
				3FEAF4632011EAAF00EBF65E /* Sources */,
				3FEAF4642011EAAF00EBF65E /* Frameworks */,
				3FEAF4652011EAAF00EBF65E /* Resources */,
			);
			buildRules = (
			);
			dependencies = (
			);
			name = ECommerce_Brel;
			productName = ECommerce_Brel;
			productReference = 3FEAF4672011EAAF00EBF65E /* ECommerce_Brel.app */;
			productType = "com.apple.product-type.application";
		};
/* End PBXNativeTarget section */

/* Begin PBXProject section */
		3FEAF45F2011EAAF00EBF65E /* Project object */ = {
			isa = PBXProject;
			attributes = {
				LastSwiftUpdateCheck = 0900;
				LastUpgradeCheck = 0900;
				ORGANIZATIONNAME = "Ehor Brel";
				TargetAttributes = {
					3FEAF4662011EAAF00EBF65E = {
						CreatedOnToolsVersion = 9.0;
						ProvisioningStyle = Automatic;
					};
				};
			};
			buildConfigurationList = 3FEAF4622011EAAF00EBF65E /* Build configuration list for PBXProject "ECommerce_Brel" */;
			compatibilityVersion = "Xcode 8.0";
			developmentRegion = en;
			hasScannedForEncodings = 0;
			knownRegions = (
				en,
				Base,
			);
			mainGroup = 3FEAF45E2011EAAF00EBF65E;
			productRefGroup = 3FEAF4682011EAAF00EBF65E /* Products */;
			projectDirPath = "";
			projectRoot = "";
			targets = (
				3FEAF4662011EAAF00EBF65E /* ECommerce_Brel */,
			);
		};
/* End PBXProject section */

/* Begin PBXResourcesBuildPhase section */
		3FEAF4652011EAAF00EBF65E /* Resources */ = {
			isa = PBXResourcesBuildPhase;
			buildActionMask = 2147483647;
			files = (
				3FEAF4752011EAAF00EBF65E /* LaunchScreen.storyboard in Resources */,
				3FEAF4722011EAAF00EBF65E /* Assets.xcassets in Resources */,
				3FEAF4702011EAAF00EBF65E /* Main.storyboard in Resources */,
			);
			runOnlyForDeploymentPostprocessing = 0;
		};
/* End PBXResourcesBuildPhase section */

/* Begin PBXSourcesBuildPhase section */
		3FEAF4632011EAAF00EBF65E /* Sources */ = {
			isa = PBXSourcesBuildPhase;
			buildActionMask = 2147483647;
			files = (
				3FEAF4822011EC8A00EBF65E /* ItemDataManager.swift in Sources */,
				3FEAF4882012024900EBF65E /* ImageTableViewCell.swift in Sources */,
				3FEAF4842011FAF300EBF65E /* ImageTableController.swift in Sources */,
				3FEAF47E2011EAFC00EBF65E /* JsonConstants.swift in Sources */,
				3FEAF46D2011EAAF00EBF65E /* ViewController.swift in Sources */,
				3FEAF46B2011EAAF00EBF65E /* AppDelegate.swift in Sources */,
			);
			runOnlyForDeploymentPostprocessing = 0;
		};
/* End PBXSourcesBuildPhase section */

/* Begin PBXVariantGroup section */
		3FEAF46E2011EAAF00EBF65E /* Main.storyboard */ = {
			isa = PBXVariantGroup;
			children = (
				3FEAF46F2011EAAF00EBF65E /* Base */,
			);
			name = Main.storyboard;
			sourceTree = "<group>";
		};
		3FEAF4732011EAAF00EBF65E /* LaunchScreen.storyboard */ = {
			isa = PBXVariantGroup;
			children = (
				3FEAF4742011EAAF00EBF65E /* Base */,
			);
			name = LaunchScreen.storyboard;
			sourceTree = "<group>";
		};
/* End PBXVariantGroup section */

/* Begin XCBuildConfiguration section */
		3FEAF4772011EAAF00EBF65E /* Debug */ = {
			isa = XCBuildConfiguration;
			buildSettings = {
				ALWAYS_SEARCH_USER_PATHS = NO;
				CLANG_ANALYZER_NONNULL = YES;
				CLANG_ANALYZER_NUMBER_OBJECT_CONVERSION = YES_AGGRESSIVE;
				CLANG_CXX_LANGUAGE_STANDARD = "gnu++14";
				CLANG_CXX_LIBRARY = "libc++";
				CLANG_ENABLE_MODULES = YES;
				CLANG_ENABLE_OBJC_ARC = YES;
				CLANG_WARN_BLOCK_CAPTURE_AUTORELEASING = YES;
				CLANG_WARN_BOOL_CONVERSION = YES;
				CLANG_WARN_COMMA = YES;
				CLANG_WARN_CONSTANT_CONVERSION = YES;
				CLANG_WARN_DIRECT_OBJC_ISA_USAGE = YES_ERROR;
				CLANG_WARN_DOCUMENTATION_COMMENTS = YES;
				CLANG_WARN_EMPTY_BODY = YES;
				CLANG_WARN_ENUM_CONVERSION = YES;
				CLANG_WARN_INFINITE_RECURSION = YES;
				CLANG_WARN_INT_CONVERSION = YES;
				CLANG_WARN_NON_LITERAL_NULL_CONVERSION = YES;
				CLANG_WARN_OBJC_LITERAL_CONVERSION = YES;
				CLANG_WARN_OBJC_ROOT_CLASS = YES_ERROR;
				CLANG_WARN_RANGE_LOOP_ANALYSIS = YES;
				CLANG_WARN_STRICT_PROTOTYPES = YES;
				CLANG_WARN_SUSPICIOUS_MOVE = YES;
				CLANG_WARN_UNGUARDED_AVAILABILITY = YES_AGGRESSIVE;
				CLANG_WARN_UNREACHABLE_CODE = YES;
				CLANG_WARN__DUPLICATE_METHOD_MATCH = YES;
				CODE_SIGN_IDENTITY = "iPhone Developer";
				COPY_PHASE_STRIP = NO;
				DEBUG_INFORMATION_FORMAT = dwarf;
				ENABLE_STRICT_OBJC_MSGSEND = YES;
				ENABLE_TESTABILITY = YES;
				GCC_C_LANGUAGE_STANDARD = gnu11;
				GCC_DYNAMIC_NO_PIC = NO;
				GCC_NO_COMMON_BLOCKS = YES;
				GCC_OPTIMIZATION_LEVEL = 0;
				GCC_PREPROCESSOR_DEFINITIONS = (
					"DEBUG=1",
					"$(inherited)",
				);
				GCC_WARN_64_TO_32_BIT_CONVERSION = YES;
				GCC_WARN_ABOUT_RETURN_TYPE = YES_ERROR;
				GCC_WARN_UNDECLARED_SELECTOR = YES;
				GCC_WARN_UNINITIALIZED_AUTOS = YES_AGGRESSIVE;
				GCC_WARN_UNUSED_FUNCTION = YES;
				GCC_WARN_UNUSED_VARIABLE = YES;
				IPHONEOS_DEPLOYMENT_TARGET = 11.0;
				MTL_ENABLE_DEBUG_INFO = YES;
				ONLY_ACTIVE_ARCH = YES;
				SDKROOT = iphoneos;
				SWIFT_ACTIVE_COMPILATION_CONDITIONS = DEBUG;
				SWIFT_OPTIMIZATION_LEVEL = "-Onone";
			};
			name = Debug;
		};
		3FEAF4782011EAAF00EBF65E /* Release */ = {
			isa = XCBuildConfiguration;
			buildSettings = {
				ALWAYS_SEARCH_USER_PATHS = NO;
				CLANG_ANALYZER_NONNULL = YES;
				CLANG_ANALYZER_NUMBER_OBJECT_CONVERSION = YES_AGGRESSIVE;
				CLANG_CXX_LANGUAGE_STANDARD = "gnu++14";
				CLANG_CXX_LIBRARY = "libc++";
				CLANG_ENABLE_MODULES = YES;
				CLANG_ENABLE_OBJC_ARC = YES;
				CLANG_WARN_BLOCK_CAPTURE_AUTORELEASING = YES;
				CLANG_WARN_BOOL_CONVERSION = YES;
				CLANG_WARN_COMMA = YES;
				CLANG_WARN_CONSTANT_CONVERSION = YES;
				CLANG_WARN_DIRECT_OBJC_ISA_USAGE = YES_ERROR;
				CLANG_WARN_DOCUMENTATION_COMMENTS = YES;
				CLANG_WARN_EMPTY_BODY = YES;
				CLANG_WARN_ENUM_CONVERSION = YES;
				CLANG_WARN_INFINITE_RECURSION = YES;
				CLANG_WARN_INT_CONVERSION = YES;
				CLANG_WARN_NON_LITERAL_NULL_CONVERSION = YES;
				CLANG_WARN_OBJC_LITERAL_CONVERSION = YES;
				CLANG_WARN_OBJC_ROOT_CLASS = YES_ERROR;
				CLANG_WARN_RANGE_LOOP_ANALYSIS = YES;
				CLANG_WARN_STRICT_PROTOTYPES = YES;
				CLANG_WARN_SUSPICIOUS_MOVE = YES;
				CLANG_WARN_UNGUARDED_AVAILABILITY = YES_AGGRESSIVE;
				CLANG_WARN_UNREACHABLE_CODE = YES;
				CLANG_WARN__DUPLICATE_METHOD_MATCH = YES;
				CODE_SIGN_IDENTITY = "iPhone Developer";
				COPY_PHASE_STRIP = NO;
				DEBUG_INFORMATION_FORMAT = "dwarf-with-dsym";
				ENABLE_NS_ASSERTIONS = NO;
				ENABLE_STRICT_OBJC_MSGSEND = YES;
				GCC_C_LANGUAGE_STANDARD = gnu11;
				GCC_NO_COMMON_BLOCKS = YES;
				GCC_WARN_64_TO_32_BIT_CONVERSION = YES;
				GCC_WARN_ABOUT_RETURN_TYPE = YES_ERROR;
				GCC_WARN_UNDECLARED_SELECTOR = YES;
				GCC_WARN_UNINITIALIZED_AUTOS = YES_AGGRESSIVE;
				GCC_WARN_UNUSED_FUNCTION = YES;
				GCC_WARN_UNUSED_VARIABLE = YES;
				IPHONEOS_DEPLOYMENT_TARGET = 11.0;
				MTL_ENABLE_DEBUG_INFO = NO;
				SDKROOT = iphoneos;
				SWIFT_OPTIMIZATION_LEVEL = "-Owholemodule";
				VALIDATE_PRODUCT = YES;
			};
			name = Release;
		};
		3FEAF47A2011EAAF00EBF65E /* Debug */ = {
			isa = XCBuildConfiguration;
			buildSettings = {
				ASSETCATALOG_COMPILER_APPICON_NAME = AppIcon;
				CODE_SIGN_STYLE = Automatic;
				DEVELOPMENT_TEAM = ZP8A4GCHKF;
				INFOPLIST_FILE = ECommerce_Brel/Info.plist;
				LD_RUNPATH_SEARCH_PATHS = "$(inherited) @executable_path/Frameworks";
				PRODUCT_BUNDLE_IDENTIFIER = "neznau.ECommerce-Brel";
				PRODUCT_NAME = "$(TARGET_NAME)";
				SWIFT_VERSION = 4.0;
				TARGETED_DEVICE_FAMILY = "1,2";
			};
			name = Debug;
		};
		3FEAF47B2011EAAF00EBF65E /* Release */ = {
			isa = XCBuildConfiguration;
			buildSettings = {
				ASSETCATALOG_COMPILER_APPICON_NAME = AppIcon;
				CODE_SIGN_STYLE = Automatic;
				DEVELOPMENT_TEAM = ZP8A4GCHKF;
				INFOPLIST_FILE = ECommerce_Brel/Info.plist;
				LD_RUNPATH_SEARCH_PATHS = "$(inherited) @executable_path/Frameworks";
				PRODUCT_BUNDLE_IDENTIFIER = "neznau.ECommerce-Brel";
				PRODUCT_NAME = "$(TARGET_NAME)";
				SWIFT_VERSION = 4.0;
				TARGETED_DEVICE_FAMILY = "1,2";
			};
			name = Release;
		};
/* End XCBuildConfiguration section */

/* Begin XCConfigurationList section */
		3FEAF4622011EAAF00EBF65E /* Build configuration list for PBXProject "ECommerce_Brel" */ = {
			isa = XCConfigurationList;
			buildConfigurations = (
				3FEAF4772011EAAF00EBF65E /* Debug */,
				3FEAF4782011EAAF00EBF65E /* Release */,
			);
			defaultConfigurationIsVisible = 0;
			defaultConfigurationName = Release;
		};
		3FEAF4792011EAAF00EBF65E /* Build configuration list for PBXNativeTarget "ECommerce_Brel" */ = {
			isa = XCConfigurationList;
			buildConfigurations = (
				3FEAF47A2011EAAF00EBF65E /* Debug */,
				3FEAF47B2011EAAF00EBF65E /* Release */,
			);
			defaultConfigurationIsVisible = 0;
			defaultConfigurationName = Release;
		};
/* End XCConfigurationList section */
	};
	rootObject = 3FEAF45F2011EAAF00EBF65E /* Project object */;
}
